// !$*UTF8*$!
{
	archiveVersion = 1;
	classes = {
	};
	objectVersion = 50;
	objects = {

/* Begin PBXBuildFile section */
		375F7364247547D1002339CB /* AppDelegate.swift in Sources */ = {isa = PBXBuildFile; fileRef = 375F7363247547D1002339CB /* AppDelegate.swift */; };
		375F7366247547D1002339CB /* SceneDelegate.swift in Sources */ = {isa = PBXBuildFile; fileRef = 375F7365247547D1002339CB /* SceneDelegate.swift */; };
		375F7368247547D1002339CB /* GoalsVC.swift in Sources */ = {isa = PBXBuildFile; fileRef = 375F7367247547D1002339CB /* GoalsVC.swift */; };
		375F736B247547D1002339CB /* Main.storyboard in Resources */ = {isa = PBXBuildFile; fileRef = 375F7369247547D1002339CB /* Main.storyboard */; };
		375F736E247547D1002339CB /* goalpost_app.xcdatamodeld in Sources */ = {isa = PBXBuildFile; fileRef = 375F736C247547D1002339CB /* goalpost_app.xcdatamodeld */; };
		375F7370247547D3002339CB /* Assets.xcassets in Resources */ = {isa = PBXBuildFile; fileRef = 375F736F247547D3002339CB /* Assets.xcassets */; };
		375F7373247547D3002339CB /* LaunchScreen.storyboard in Resources */ = {isa = PBXBuildFile; fileRef = 375F7371247547D3002339CB /* LaunchScreen.storyboard */; };
		377CB033247A639E0058FB71 /* GoalType.swift in Sources */ = {isa = PBXBuildFile; fileRef = 377CB032247A639E0058FB71 /* GoalType.swift */; };
		377CB035247A68DF0058FB71 /* CreateGoalVC.swift in Sources */ = {isa = PBXBuildFile; fileRef = 377CB034247A68DF0058FB71 /* CreateGoalVC.swift */; };
		37D5D0E52477F234004EA84F /* GoalCell.swift in Sources */ = {isa = PBXBuildFile; fileRef = 37D5D0E42477F234004EA84F /* GoalCell.swift */; };
/* End PBXBuildFile section */

/* Begin PBXFileReference section */
		375F7360247547D1002339CB /* goalpost-app.app */ = {isa = PBXFileReference; explicitFileType = wrapper.application; includeInIndex = 0; path = "goalpost-app.app"; sourceTree = BUILT_PRODUCTS_DIR; };
		375F7363247547D1002339CB /* AppDelegate.swift */ = {isa = PBXFileReference; lastKnownFileType = sourcecode.swift; path = AppDelegate.swift; sourceTree = "<group>"; };
		375F7365247547D1002339CB /* SceneDelegate.swift */ = {isa = PBXFileReference; lastKnownFileType = sourcecode.swift; path = SceneDelegate.swift; sourceTree = "<group>"; };
		375F7367247547D1002339CB /* GoalsVC.swift */ = {isa = PBXFileReference; lastKnownFileType = sourcecode.swift; path = GoalsVC.swift; sourceTree = "<group>"; };
		375F736A247547D1002339CB /* Base */ = {isa = PBXFileReference; lastKnownFileType = file.storyboard; name = Base; path = Base.lproj/Main.storyboard; sourceTree = "<group>"; };
		375F736D247547D1002339CB /* goalpost_app.xcdatamodel */ = {isa = PBXFileReference; lastKnownFileType = wrapper.xcdatamodel; path = goalpost_app.xcdatamodel; sourceTree = "<group>"; };
		375F736F247547D3002339CB /* Assets.xcassets */ = {isa = PBXFileReference; lastKnownFileType = folder.assetcatalog; path = Assets.xcassets; sourceTree = "<group>"; };
		375F7372247547D3002339CB /* Base */ = {isa = PBXFileReference; lastKnownFileType = file.storyboard; name = Base; path = Base.lproj/LaunchScreen.storyboard; sourceTree = "<group>"; };
		375F7374247547D3002339CB /* Info.plist */ = {isa = PBXFileReference; lastKnownFileType = text.plist.xml; path = Info.plist; sourceTree = "<group>"; };
		377CB032247A639E0058FB71 /* GoalType.swift */ = {isa = PBXFileReference; lastKnownFileType = sourcecode.swift; path = GoalType.swift; sourceTree = "<group>"; };
		377CB034247A68DF0058FB71 /* CreateGoalVC.swift */ = {isa = PBXFileReference; lastKnownFileType = sourcecode.swift; path = CreateGoalVC.swift; sourceTree = "<group>"; };
		37D5D0E42477F234004EA84F /* GoalCell.swift */ = {isa = PBXFileReference; lastKnownFileType = sourcecode.swift; path = GoalCell.swift; sourceTree = "<group>"; };
/* End PBXFileReference section */

/* Begin PBXFrameworksBuildPhase section */
		375F735D247547D1002339CB /* Frameworks */ = {
			isa = PBXFrameworksBuildPhase;
			buildActionMask = 2147483647;
			files = (
			);
			runOnlyForDeploymentPostprocessing = 0;
		};
/* End PBXFrameworksBuildPhase section */

/* Begin PBXGroup section */
		375F7357247547D1002339CB = {
			isa = PBXGroup;
			children = (
				375F7362247547D1002339CB /* goalpost-app */,
				375F7361247547D1002339CB /* Products */,
			);
			sourceTree = "<group>";
		};
		375F7361247547D1002339CB /* Products */ = {
			isa = PBXGroup;
			children = (
				375F7360247547D1002339CB /* goalpost-app.app */,
			);
			name = Products;
			sourceTree = "<group>";
		};
		375F7362247547D1002339CB /* goalpost-app */ = {
			isa = PBXGroup;
			children = (
				375F737D2475482C002339CB /* Extensions */,
				375F737C24754826002339CB /* Enums */,
				375F737B24754809002339CB /* View */,
				375F737A247547F9002339CB /* Controller */,
				375F7363247547D1002339CB /* AppDelegate.swift */,
				375F7365247547D1002339CB /* SceneDelegate.swift */,
				375F7369247547D1002339CB /* Main.storyboard */,
				375F736F247547D3002339CB /* Assets.xcassets */,
				375F7371247547D3002339CB /* LaunchScreen.storyboard */,
				375F7374247547D3002339CB /* Info.plist */,
				375F736C247547D1002339CB /* goalpost_app.xcdatamodeld */,
			);
			path = "goalpost-app";
			sourceTree = "<group>";
		};
		375F737A247547F9002339CB /* Controller */ = {
			isa = PBXGroup;
			children = (
				375F7367247547D1002339CB /* GoalsVC.swift */,
				377CB034247A68DF0058FB71 /* CreateGoalVC.swift */,
			);
			path = Controller;
			sourceTree = "<group>";
		};
		375F737B24754809002339CB /* View */ = {
			isa = PBXGroup;
			children = (
				37D5D0E42477F234004EA84F /* GoalCell.swift */,
			);
			path = View;
			sourceTree = "<group>";
		};
		375F737C24754826002339CB /* Enums */ = {
			isa = PBXGroup;
			children = (
				377CB032247A639E0058FB71 /* GoalType.swift */,
			);
			path = Enums;
			sourceTree = "<group>";
		};
		375F737D2475482C002339CB /* Extensions */ = {
			isa = PBXGroup;
			children = (
			);
			path = Extensions;
			sourceTree = "<group>";
		};
/* End PBXGroup section */

/* Begin PBXNativeTarget section */
		375F735F247547D1002339CB /* goalpost-app */ = {
			isa = PBXNativeTarget;
			buildConfigurationList = 375F7377247547D3002339CB /* Build configuration list for PBXNativeTarget "goalpost-app" */;
			buildPhases = (
				375F735C247547D1002339CB /* Sources */,
				375F735D247547D1002339CB /* Frameworks */,
				375F735E247547D1002339CB /* Resources */,
			);
			buildRules = (
			);
			dependencies = (
			);
			name = "goalpost-app";
			productName = "goalpost-app";
			productReference = 375F7360247547D1002339CB /* goalpost-app.app */;
			productType = "com.apple.product-type.application";
		};
/* End PBXNativeTarget section */

/* Begin PBXProject section */
		375F7358247547D1002339CB /* Project object */ = {
			isa = PBXProject;
			attributes = {
				LastSwiftUpdateCheck = 1140;
				LastUpgradeCheck = 1140;
				ORGANIZATIONNAME = Urmat;
				TargetAttributes = {
					375F735F247547D1002339CB = {
						CreatedOnToolsVersion = 11.4;
					};
				};
			};
			buildConfigurationList = 375F735B247547D1002339CB /* Build configuration list for PBXProject "goalpost-app" */;
			compatibilityVersion = "Xcode 9.3";
			developmentRegion = en;
			hasScannedForEncodings = 0;
			knownRegions = (
				en,
				Base,
			);
			mainGroup = 375F7357247547D1002339CB;
			productRefGroup = 375F7361247547D1002339CB /* Products */;
			projectDirPath = "";
			projectRoot = "";
			targets = (
				375F735F247547D1002339CB /* goalpost-app */,
			);
		};
/* End PBXProject section */

/* Begin PBXResourcesBuildPhase section */
		375F735E247547D1002339CB /* Resources */ = {
			isa = PBXResourcesBuildPhase;
			buildActionMask = 2147483647;
			files = (
				375F7373247547D3002339CB /* LaunchScreen.storyboard in Resources */,
				375F7370247547D3002339CB /* Assets.xcassets in Resources */,
				375F736B247547D1002339CB /* Main.storyboard in Resources */,
			);
			runOnlyForDeploymentPostprocessing = 0;
		};
/* End PBXResourcesBuildPhase section */

/* Begin PBXSourcesBuildPhase section */
		375F735C247547D1002339CB /* Sources */ = {
			isa = PBXSourcesBuildPhase;
			buildActionMask = 2147483647;
			files = (
				375F7368247547D1002339CB /* GoalsVC.swift in Sources */,
				375F7364247547D1002339CB /* AppDelegate.swift in Sources */,
				377CB033247A639E0058FB71 /* GoalType.swift in Sources */,
				375F736E247547D1002339CB /* goalpost_app.xcdatamodeld in Sources */,
				377CB035247A68DF0058FB71 /* CreateGoalVC.swift in Sources */,
				37D5D0E52477F234004EA84F /* GoalCell.swift in Sources */,
				375F7366247547D1002339CB /* SceneDelegate.swift in Sources */,
			);
			runOnlyForDeploymentPostprocessing = 0;
		};
/* End PBXSourcesBuildPhase section */

/* Begin PBXVariantGroup section */
		375F7369247547D1002339CB /* Main.storyboard */ = {
			isa = PBXVariantGroup;
			children = (
				375F736A247547D1002339CB /* Base */,
			);
			name = Main.storyboard;
			sourceTree = "<group>";
		};
		375F7371247547D3002339CB /* LaunchScreen.storyboard */ = {
			isa = PBXVariantGroup;
			children = (
				375F7372247547D3002339CB /* Base */,
			);
			name = LaunchScreen.storyboard;
			sourceTree = "<group>";
		};
/* End PBXVariantGroup section */

/* Begin XCBuildConfiguration section */
		375F7375247547D3002339CB /* Debug */ = {
			isa = XCBuildConfiguration;
			buildSettings = {
				ALWAYS_SEARCH_USER_PATHS = NO;
				CLANG_ANALYZER_NONNULL = YES;
				CLANG_ANALYZER_NUMBER_OBJECT_CONVERSION = YES_AGGRESSIVE;
				CLANG_CXX_LANGUAGE_STANDARD = "gnu++14";
				CLANG_CXX_LIBRARY = "libc++";
				CLANG_ENABLE_MODULES = YES;
				CLANG_ENABLE_OBJC_ARC = YES;
				CLANG_ENABLE_OBJC_WEAK = YES;
				CLANG_WARN_BLOCK_CAPTURE_AUTORELEASING = YES;
				CLANG_WARN_BOOL_CONVERSION = YES;
				CLANG_WARN_COMMA = YES;
				CLANG_WARN_CONSTANT_CONVERSION = YES;
				CLANG_WARN_DEPRECATED_OBJC_IMPLEMENTATIONS = YES;
				CLANG_WARN_DIRECT_OBJC_ISA_USAGE = YES_ERROR;
				CLANG_WARN_DOCUMENTATION_COMMENTS = YES;
				CLANG_WARN_EMPTY_BODY = YES;
				CLANG_WARN_ENUM_CONVERSION = YES;
				CLANG_WARN_INFINITE_RECURSION = YES;
				CLANG_WARN_INT_CONVERSION = YES;
				CLANG_WARN_NON_LITERAL_NULL_CONVERSION = YES;
				CLANG_WARN_OBJC_IMPLICIT_RETAIN_SELF = YES;
				CLANG_WARN_OBJC_LITERAL_CONVERSION = YES;
				CLANG_WARN_OBJC_ROOT_CLASS = YES_ERROR;
				CLANG_WARN_RANGE_LOOP_ANALYSIS = YES;
				CLANG_WARN_STRICT_PROTOTYPES = YES;
				CLANG_WARN_SUSPICIOUS_MOVE = YES;
				CLANG_WARN_UNGUARDED_AVAILABILITY = YES_AGGRESSIVE;
				CLANG_WARN_UNREACHABLE_CODE = YES;
				CLANG_WARN__DUPLICATE_METHOD_MATCH = YES;
				COPY_PHASE_STRIP = NO;
				DEBUG_INFORMATION_FORMAT = dwarf;
				ENABLE_STRICT_OBJC_MSGSEND = YES;
				ENABLE_TESTABILITY = YES;
				GCC_C_LANGUAGE_STANDARD = gnu11;
				GCC_DYNAMIC_NO_PIC = NO;
				GCC_NO_COMMON_BLOCKS = YES;
				GCC_OPTIMIZATION_LEVEL = 0;
				GCC_PREPROCESSOR_DEFINITIONS = (
					"DEBUG=1",
					"$(inherited)",
				);
				GCC_WARN_64_TO_32_BIT_CONVERSION = YES;
				GCC_WARN_ABOUT_RETURN_TYPE = YES_ERROR;
				GCC_WARN_UNDECLARED_SELECTOR = YES;
				GCC_WARN_UNINITIALIZED_AUTOS = YES_AGGRESSIVE;
				GCC_WARN_UNUSED_FUNCTION = YES;
				GCC_WARN_UNUSED_VARIABLE = YES;
				IPHONEOS_DEPLOYMENT_TARGET = 13.4;
				MTL_ENABLE_DEBUG_INFO = INCLUDE_SOURCE;
				MTL_FAST_MATH = YES;
				ONLY_ACTIVE_ARCH = YES;
				SDKROOT = iphoneos;
				SWIFT_ACTIVE_COMPILATION_CONDITIONS = DEBUG;
				SWIFT_OPTIMIZATION_LEVEL = "-Onone";
			};
			name = Debug;
		};
		375F7376247547D3002339CB /* Release */ = {
			isa = XCBuildConfiguration;
			buildSettings = {
				ALWAYS_SEARCH_USER_PATHS = NO;
				CLANG_ANALYZER_NONNULL = YES;
				CLANG_ANALYZER_NUMBER_OBJECT_CONVERSION = YES_AGGRESSIVE;
				CLANG_CXX_LANGUAGE_STANDARD = "gnu++14";
				CLANG_CXX_LIBRARY = "libc++";
				CLANG_ENABLE_MODULES = YES;
				CLANG_ENABLE_OBJC_ARC = YES;
				CLANG_ENABLE_OBJC_WEAK = YES;
				CLANG_WARN_BLOCK_CAPTURE_AUTORELEASING = YES;
				CLANG_WARN_BOOL_CONVERSION = YES;
				CLANG_WARN_COMMA = YES;
				CLANG_WARN_CONSTANT_CONVERSION = YES;
				CLANG_WARN_DEPRECATED_OBJC_IMPLEMENTATIONS = YES;
				CLANG_WARN_DIRECT_OBJC_ISA_USAGE = YES_ERROR;
				CLANG_WARN_DOCUMENTATION_COMMENTS = YES;
				CLANG_WARN_EMPTY_BODY = YES;
				CLANG_WARN_ENUM_CONVERSION = YES;
				CLANG_WARN_INFINITE_RECURSION = YES;
				CLANG_WARN_INT_CONVERSION = YES;
				CLANG_WARN_NON_LITERAL_NULL_CONVERSION = YES;
				CLANG_WARN_OBJC_IMPLICIT_RETAIN_SELF = YES;
				CLANG_WARN_OBJC_LITERAL_CONVERSION = YES;
				CLANG_WARN_OBJC_ROOT_CLASS = YES_ERROR;
				CLANG_WARN_RANGE_LOOP_ANALYSIS = YES;
				CLANG_WARN_STRICT_PROTOTYPES = YES;
				CLANG_WARN_SUSPICIOUS_MOVE = YES;
				CLANG_WARN_UNGUARDED_AVAILABILITY = YES_AGGRESSIVE;
				CLANG_WARN_UNREACHABLE_CODE = YES;
				CLANG_WARN__DUPLICATE_METHOD_MATCH = YES;
				COPY_PHASE_STRIP = NO;
				DEBUG_INFORMATION_FORMAT = "dwarf-with-dsym";
				ENABLE_NS_ASSERTIONS = NO;
				ENABLE_STRICT_OBJC_MSGSEND = YES;
				GCC_C_LANGUAGE_STANDARD = gnu11;
				GCC_NO_COMMON_BLOCKS = YES;
				GCC_WARN_64_TO_32_BIT_CONVERSION = YES;
				GCC_WARN_ABOUT_RETURN_TYPE = YES_ERROR;
				GCC_WARN_UNDECLARED_SELECTOR = YES;
				GCC_WARN_UNINITIALIZED_AUTOS = YES_AGGRESSIVE;
				GCC_WARN_UNUSED_FUNCTION = YES;
				GCC_WARN_UNUSED_VARIABLE = YES;
				IPHONEOS_DEPLOYMENT_TARGET = 13.4;
				MTL_ENABLE_DEBUG_INFO = NO;
				MTL_FAST_MATH = YES;
				SDKROOT = iphoneos;
				SWIFT_COMPILATION_MODE = wholemodule;
				SWIFT_OPTIMIZATION_LEVEL = "-O";
				VALIDATE_PRODUCT = YES;
			};
			name = Release;
		};
		375F7378247547D3002339CB /* Debug */ = {
			isa = XCBuildConfiguration;
			buildSettings = {
				ASSETCATALOG_COMPILER_APPICON_NAME = AppIcon;
				CODE_SIGN_STYLE = Automatic;
				DEVELOPMENT_TEAM = RW77ZW8HLL;
				INFOPLIST_FILE = "goalpost-app/Info.plist";
				LD_RUNPATH_SEARCH_PATHS = (
					"$(inherited)",
					"@executable_path/Frameworks",
				);
				PRODUCT_BUNDLE_IDENTIFIER = "Urmat.goalpost-app";
				PRODUCT_NAME = "$(TARGET_NAME)";
				SWIFT_VERSION = 5.0;
				TARGETED_DEVICE_FAMILY = "1,2";
			};
			name = Debug;
		};
		375F7379247547D3002339CB /* Release */ = {
			isa = XCBuildConfiguration;
			buildSettings = {
				ASSETCATALOG_COMPILER_APPICON_NAME = AppIcon;
				CODE_SIGN_STYLE = Automatic;
				DEVELOPMENT_TEAM = RW77ZW8HLL;
				INFOPLIST_FILE = "goalpost-app/Info.plist";
				LD_RUNPATH_SEARCH_PATHS = (
					"$(inherited)",
					"@executable_path/Frameworks",
				);
				PRODUCT_BUNDLE_IDENTIFIER = "Urmat.goalpost-app";
				PRODUCT_NAME = "$(TARGET_NAME)";
				SWIFT_VERSION = 5.0;
				TARGETED_DEVICE_FAMILY = "1,2";
			};
			name = Release;
		};
/* End XCBuildConfiguration section */

/* Begin XCConfigurationList section */
		375F735B247547D1002339CB /* Build configuration list for PBXProject "goalpost-app" */ = {
			isa = XCConfigurationList;
			buildConfigurations = (
				375F7375247547D3002339CB /* Debug */,
				375F7376247547D3002339CB /* Release */,
			);
			defaultConfigurationIsVisible = 0;
			defaultConfigurationName = Release;
		};
		375F7377247547D3002339CB /* Build configuration list for PBXNativeTarget "goalpost-app" */ = {
			isa = XCConfigurationList;
			buildConfigurations = (
				375F7378247547D3002339CB /* Debug */,
				375F7379247547D3002339CB /* Release */,
			);
			defaultConfigurationIsVisible = 0;
			defaultConfigurationName = Release;
		};
/* End XCConfigurationList section */

/* Begin XCVersionGroup section */
		375F736C247547D1002339CB /* goalpost_app.xcdatamodeld */ = {
			isa = XCVersionGroup;
			children = (
				375F736D247547D1002339CB /* goalpost_app.xcdatamodel */,
			);
			currentVersion = 375F736D247547D1002339CB /* goalpost_app.xcdatamodel */;
			path = goalpost_app.xcdatamodeld;
			sourceTree = "<group>";
			versionGroupType = wrapper.xcdatamodel;
		};
/* End XCVersionGroup section */
	};
	rootObject = 375F7358247547D1002339CB /* Project object */;
}
